
Microsoft Visual Studio Solution File, Format Version 12.00
# Visual Studio Version 17
VisualStudioVersion = 17.9.34728.123
MinimumVisualStudioVersion = 10.0.40219.1
Project("{FAE04EC0-301F-11D3-BF4B-00C04F79EFBC}") = "ex05_wpf_bikeshop", "ex05_wpf_bikeshop\ex05_wpf_bikeshop.csproj", "{F487817A-9C83-4024-9CDE-C37B4B41DC5D}"
EndProject
Global
	GlobalSection(SolutionConfigurationPlatforms) = preSolution
		Debug|Any CPU = Debug|Any CPU
		Release|Any CPU = Release|Any CPU
	EndGlobalSection
	GlobalSection(ProjectConfigurationPlatforms) = postSolution
		{F487817A-9C83-4024-9CDE-C37B4B41DC5D}.Debug|Any CPU.ActiveCfg = Debug|Any CPU
		{F487817A-9C83-4024-9CDE-C37B4B41DC5D}.Debug|Any CPU.Build.0 = Debug|Any CPU
		{F487817A-9C83-4024-9CDE-C37B4B41DC5D}.Release|Any CPU.ActiveCfg = Release|Any CPU
		{F487817A-9C83-4024-9CDE-C37B4B41DC5D}.Release|Any CPU.Build.0 = Release|Any CPU
	EndGlobalSection
	GlobalSection(SolutionProperties) = preSolution
		HideSolutionNode = FALSE
	EndGlobalSection
	GlobalSection(ExtensibilityGlobals) = postSolution
		SolutionGuid = {8C54512D-86B1-42F3-B6E1-E1CD60116A3D}
	EndGlobalSection
EndGlobal
